dependencies:
- name: postgresql
  repository: https://charts.bitnami.com/bitnami
  version: 18.5.22
- name: redis
  repository: https://charts.bitnami.com/bitnami
  version: 25.3.11
- name: minio
  repository: https://charts.min.io/
  version: 5.4.0
- name: cert-manager
  repository: https://charts.jetstack.io
  version: v1.20.2
- name: traefik
  repository: https://helm.traefik.io/traefik
  version: 39.0.7
- name: replicated
  repository: oci://registry.replicated.com/library
  version: 1.19.2
digest: sha256:d84dd7d127804ea76fa9ca9605b25502d86d778bde850f22fcd987d521d24a47
generated: "2026-04-16T16:22:30.942558-06:00"
