dependencies:
- name: postgresql
  repository: https://charts.bitnami.com/bitnami
  version: 18.8.4
- name: redis
  repository: https://charts.bitnami.com/bitnami
  version: 27.0.18
- name: minio
  repository: https://charts.min.io/
  version: 5.4.0
- name: cert-manager
  repository: https://charts.jetstack.io
  version: v1.21.1
- name: traefik
  repository: https://helm.traefik.io/traefik
  version: 41.1.0
digest: sha256:3a0cb1da0f5a8c7f8fc91a979df69f23362ceec07812ef667906933bbba09469
generated: "2026-07-31T08:57:04.075049-06:00"
