dependencies:
- name: postgresql
  repository: https://charts.bitnami.com/bitnami
  version: 18.8.4
- name: minio
  repository: https://charts.min.io/
  version: 5.4.0
- name: cert-manager
  repository: https://charts.jetstack.io
  version: v1.21.1
- name: traefik
  repository: https://helm.traefik.io/traefik
  version: 41.1.0
digest: sha256:dffaea7948e7936e2afce4595af1da5385d9c8648fec2e5428abac493fea397b
generated: "2026-07-31T09:25:46.144042-06:00"
